
Microsoft Visual Studio Solution File, Format Version 12.00
# Visual Studio Version 17
VisualStudioVersion = 17.11.35219.272
MinimumVisualStudioVersion = 10.0.40219.1
Project("{FAE04EC0-301F-11D3-BF4B-00C04F79EFBC}") = "ParcialPracticoWeb3.Web", "ParcialPracticoWeb3.Web\ParcialPracticoWeb3.Web.csproj", "{D1547CD1-E4AE-4AD2-9A16-1650F2C4D2E0}"
EndProject
Project("{FAE04EC0-301F-11D3-BF4B-00C04F79EFBC}") = "ParcialPracticoWeb3.Logic", "ParcialPracticoWeb3.Logic\ParcialPracticoWeb3.Logic.csproj", "{31EE3F39-317B-452D-84AC-B1FB028CD8D4}"
EndProject
Project("{FAE04EC0-301F-11D3-BF4B-00C04F79EFBC}") = "ParcialPracticoWeb3.Entity", "ParcialPracticoWeb3.Entity\ParcialPracticoWeb3.Entity.csproj", "{96A07C71-8297-4C35-A88F-3988EEA32746}"
EndProject
Global
	GlobalSection(SolutionConfigurationPlatforms) = preSolution
		Debug|Any CPU = Debug|Any CPU
		Release|Any CPU = Release|Any CPU
	EndGlobalSection
	GlobalSection(ProjectConfigurationPlatforms) = postSolution
		{D1547CD1-E4AE-4AD2-9A16-1650F2C4D2E0}.Debug|Any CPU.ActiveCfg = Debug|Any CPU
		{D1547CD1-E4AE-4AD2-9A16-1650F2C4D2E0}.Debug|Any CPU.Build.0 = Debug|Any CPU
		{D1547CD1-E4AE-4AD2-9A16-1650F2C4D2E0}.Release|Any CPU.ActiveCfg = Release|Any CPU
		{D1547CD1-E4AE-4AD2-9A16-1650F2C4D2E0}.Release|Any CPU.Build.0 = Release|Any CPU
		{31EE3F39-317B-452D-84AC-B1FB028CD8D4}.Debug|Any CPU.ActiveCfg = Debug|Any CPU
		{31EE3F39-317B-452D-84AC-B1FB028CD8D4}.Debug|Any CPU.Build.0 = Debug|Any CPU
		{31EE3F39-317B-452D-84AC-B1FB028CD8D4}.Release|Any CPU.ActiveCfg = Release|Any CPU
		{31EE3F39-317B-452D-84AC-B1FB028CD8D4}.Release|Any CPU.Build.0 = Release|Any CPU
		{96A07C71-8297-4C35-A88F-3988EEA32746}.Debug|Any CPU.ActiveCfg = Debug|Any CPU
		{96A07C71-8297-4C35-A88F-3988EEA32746}.Debug|Any CPU.Build.0 = Debug|Any CPU
		{96A07C71-8297-4C35-A88F-3988EEA32746}.Release|Any CPU.ActiveCfg = Release|Any CPU
		{96A07C71-8297-4C35-A88F-3988EEA32746}.Release|Any CPU.Build.0 = Release|Any CPU
	EndGlobalSection
	GlobalSection(SolutionProperties) = preSolution
		HideSolutionNode = FALSE
	EndGlobalSection
	GlobalSection(ExtensibilityGlobals) = postSolution
		SolutionGuid = {5D899A3A-0C92-4DE7-8BCC-B96EC77A39A7}
	EndGlobalSection
EndGlobal
